
Microsoft Visual Studio Solution File, Format Version 12.00
# Visual Studio Version 18
VisualStudioVersion = 18.0.11217.181 d18.0
MinimumVisualStudioVersion = 10.0.40219.1
Project("{2150E333-8FDC-42A3-9474-1A3956D46DE8}") = "src", "src", "{9763DC5A-4981-400A-91E3-46343A62B59E}"
EndProject
Project("{9A19103F-16F7-4668-BE54-9A1E7A4F7556}") = "Renee.UI", "src\Renee.UI\Renee.UI.csproj", "{725A9EFC-824F-4665-B6AE-CB07BDC579E0}"
EndProject
Project("{2150E333-8FDC-42A3-9474-1A3956D46DE8}") = "tests", "tests", "{97D84CAD-1D76-40CC-BFF7-AE5E1AFF489C}"
EndProject
Project("{9A19103F-16F7-4668-BE54-9A1E7A4F7556}") = "QueryHandlerTests", "tests\QueryHandlerTests\QueryHandlerTests.csproj", "{8C3AA3C4-792A-4976-B9FA-3DA7DD48B0DE}"
EndProject
Project("{9A19103F-16F7-4668-BE54-9A1E7A4F7556}") = "Renee.Application", "src\Renee.Application\Renee.Application.csproj", "{6AA944B8-D364-4D43-8BD0-D49B5FEAD1DD}"
EndProject
Project("{9A19103F-16F7-4668-BE54-9A1E7A4F7556}") = "Renee.Domain", "src\Renee.Domain\Renee.Domain.csproj", "{D3CCB710-91F1-4117-A9F9-DC60671505CA}"
EndProject
Project("{9A19103F-16F7-4668-BE54-9A1E7A4F7556}") = "Renee.Infrastructure", "src\Renee.Infrastructure\Renee.Infrastructure.csproj", "{2F117E9F-34A8-4E43-BC36-8AA4837619FB}"
EndProject
Project("{9A19103F-16F7-4668-BE54-9A1E7A4F7556}") = "UITests", "tests\UITests\UITests.csproj", "{34A4F95A-0E2D-4AF9-B3BA-343048A20C3D}"
EndProject
Project("{9A19103F-16F7-4668-BE54-9A1E7A4F7556}") = "CommandHandlerTests", "tests\CommandHandlerTests\CommandHandlerTests.csproj", "{FCAE051D-CC57-4805-936A-0A414E88B12C}"
EndProject
Project("{2150E333-8FDC-42A3-9474-1A3956D46DE8}") = "Solution Items", "Solution Items", "{F40868CB-8C72-474B-814E-E214B556D856}"
EndProject
Project("{2150E333-8FDC-42A3-9474-1A3956D46DE8}") = "sql_scripts", "sql_scripts", "{DE2B3290-5E9F-4765-9045-F8469A8B7B4C}"
	ProjectSection(SolutionItems) = preProject
		sql_scripts\1_Schema.sql = sql_scripts\1_Schema.sql
		sql_scripts\2_Data.sql = sql_scripts\2_Data.sql
	EndProjectSection
EndProject
Project("{FAE04EC0-301F-11D3-BF4B-00C04F79EFBC}") = "Renee.MigrationTool", "src\Renee.MigrationTool\Renee.MigrationTool.csproj", "{D841358F-4CCD-4ED1-9EC3-1C20F5E13FE6}"
EndProject
Project("{2150E333-8FDC-42A3-9474-1A3956D46DE8}") = "functions", "functions", "{46899413-A1AD-7709-F42F-DC74916C2577}"
EndProject
Project("{FAE04EC0-301F-11D3-BF4B-00C04F79EFBC}") = "SftpCsvImportFunction", "functions\SftpCsvImportFunction\SftpCsvImportFunction.csproj", "{AD9C3CD2-1541-4E32-BE37-CAA8FB8F3F56}"
EndProject
Project("{2150E333-8FDC-42A3-9474-1A3956D46DE8}") = "mcpserver", "mcpserver", "{0A92092F-6B71-E0FF-2D97-BF8DA9523FB3}"
EndProject
Project("{FAE04EC0-301F-11D3-BF4B-00C04F79EFBC}") = "Renee.McpServer", "mcpserver\Renee.McpServer\Renee.McpServer.csproj", "{6550BEA5-5583-4559-8019-86EE6C275BD8}"
EndProject
Global
	GlobalSection(SolutionConfigurationPlatforms) = preSolution
		Debug|Any CPU = Debug|Any CPU
		Debug|x64 = Debug|x64
		Debug|x86 = Debug|x86
		Release|Any CPU = Release|Any CPU
		Release|x64 = Release|x64
		Release|x86 = Release|x86
	EndGlobalSection
	GlobalSection(ProjectConfigurationPlatforms) = postSolution
		{725A9EFC-824F-4665-B6AE-CB07BDC579E0}.Debug|Any CPU.ActiveCfg = Debug|Any CPU
		{725A9EFC-824F-4665-B6AE-CB07BDC579E0}.Debug|Any CPU.Build.0 = Debug|Any CPU
		{725A9EFC-824F-4665-B6AE-CB07BDC579E0}.Debug|x64.ActiveCfg = Debug|Any CPU
		{725A9EFC-824F-4665-B6AE-CB07BDC579E0}.Debug|x64.Build.0 = Debug|Any CPU
		{725A9EFC-824F-4665-B6AE-CB07BDC579E0}.Debug|x86.ActiveCfg = Debug|Any CPU
		{725A9EFC-824F-4665-B6AE-CB07BDC579E0}.Debug|x86.Build.0 = Debug|Any CPU
		{725A9EFC-824F-4665-B6AE-CB07BDC579E0}.Release|Any CPU.ActiveCfg = Release|Any CPU
		{725A9EFC-824F-4665-B6AE-CB07BDC579E0}.Release|Any CPU.Build.0 = Release|Any CPU
		{725A9EFC-824F-4665-B6AE-CB07BDC579E0}.Release|x64.ActiveCfg = Release|Any CPU
		{725A9EFC-824F-4665-B6AE-CB07BDC579E0}.Release|x64.Build.0 = Release|Any CPU
		{725A9EFC-824F-4665-B6AE-CB07BDC579E0}.Release|x86.ActiveCfg = Release|Any CPU
		{725A9EFC-824F-4665-B6AE-CB07BDC579E0}.Release|x86.Build.0 = Release|Any CPU
		{8C3AA3C4-792A-4976-B9FA-3DA7DD48B0DE}.Debug|Any CPU.ActiveCfg = Debug|Any CPU
		{8C3AA3C4-792A-4976-B9FA-3DA7DD48B0DE}.Debug|Any CPU.Build.0 = Debug|Any CPU
		{8C3AA3C4-792A-4976-B9FA-3DA7DD48B0DE}.Debug|x64.ActiveCfg = Debug|Any CPU
		{8C3AA3C4-792A-4976-B9FA-3DA7DD48B0DE}.Debug|x64.Build.0 = Debug|Any CPU
		{8C3AA3C4-792A-4976-B9FA-3DA7DD48B0DE}.Debug|x86.ActiveCfg = Debug|Any CPU
		{8C3AA3C4-792A-4976-B9FA-3DA7DD48B0DE}.Debug|x86.Build.0 = Debug|Any CPU
		{8C3AA3C4-792A-4976-B9FA-3DA7DD48B0DE}.Release|Any CPU.ActiveCfg = Release|Any CPU
		{8C3AA3C4-792A-4976-B9FA-3DA7DD48B0DE}.Release|Any CPU.Build.0 = Release|Any CPU
		{8C3AA3C4-792A-4976-B9FA-3DA7DD48B0DE}.Release|x64.ActiveCfg = Release|Any CPU
		{8C3AA3C4-792A-4976-B9FA-3DA7DD48B0DE}.Release|x64.Build.0 = Release|Any CPU
		{8C3AA3C4-792A-4976-B9FA-3DA7DD48B0DE}.Release|x86.ActiveCfg = Release|Any CPU
		{8C3AA3C4-792A-4976-B9FA-3DA7DD48B0DE}.Release|x86.Build.0 = Release|Any CPU
		{6AA944B8-D364-4D43-8BD0-D49B5FEAD1DD}.Debug|Any CPU.ActiveCfg = Debug|Any CPU
		{6AA944B8-D364-4D43-8BD0-D49B5FEAD1DD}.Debug|Any CPU.Build.0 = Debug|Any CPU
		{6AA944B8-D364-4D43-8BD0-D49B5FEAD1DD}.Debug|x64.ActiveCfg = Debug|Any CPU
		{6AA944B8-D364-4D43-8BD0-D49B5FEAD1DD}.Debug|x64.Build.0 = Debug|Any CPU
		{6AA944B8-D364-4D43-8BD0-D49B5FEAD1DD}.Debug|x86.ActiveCfg = Debug|Any CPU
		{6AA944B8-D364-4D43-8BD0-D49B5FEAD1DD}.Debug|x86.Build.0 = Debug|Any CPU
		{6AA944B8-D364-4D43-8BD0-D49B5FEAD1DD}.Release|Any CPU.ActiveCfg = Release|Any CPU
		{6AA944B8-D364-4D43-8BD0-D49B5FEAD1DD}.Release|Any CPU.Build.0 = Release|Any CPU
		{6AA944B8-D364-4D43-8BD0-D49B5FEAD1DD}.Release|x64.ActiveCfg = Release|Any CPU
		{6AA944B8-D364-4D43-8BD0-D49B5FEAD1DD}.Release|x64.Build.0 = Release|Any CPU
		{6AA944B8-D364-4D43-8BD0-D49B5FEAD1DD}.Release|x86.ActiveCfg = Release|Any CPU
		{6AA944B8-D364-4D43-8BD0-D49B5FEAD1DD}.Release|x86.Build.0 = Release|Any CPU
		{D3CCB710-91F1-4117-A9F9-DC60671505CA}.Debug|Any CPU.ActiveCfg = Debug|Any CPU
		{D3CCB710-91F1-4117-A9F9-DC60671505CA}.Debug|Any CPU.Build.0 = Debug|Any CPU
		{D3CCB710-91F1-4117-A9F9-DC60671505CA}.Debug|x64.ActiveCfg = Debug|Any CPU
		{D3CCB710-91F1-4117-A9F9-DC60671505CA}.Debug|x64.Build.0 = Debug|Any CPU
		{D3CCB710-91F1-4117-A9F9-DC60671505CA}.Debug|x86.ActiveCfg = Debug|Any CPU
		{D3CCB710-91F1-4117-A9F9-DC60671505CA}.Debug|x86.Build.0 = Debug|Any CPU
		{D3CCB710-91F1-4117-A9F9-DC60671505CA}.Release|Any CPU.ActiveCfg = Release|Any CPU
		{D3CCB710-91F1-4117-A9F9-DC60671505CA}.Release|Any CPU.Build.0 = Release|Any CPU
		{D3CCB710-91F1-4117-A9F9-DC60671505CA}.Release|x64.ActiveCfg = Release|Any CPU
		{D3CCB710-91F1-4117-A9F9-DC60671505CA}.Release|x64.Build.0 = Release|Any CPU
		{D3CCB710-91F1-4117-A9F9-DC60671505CA}.Release|x86.ActiveCfg = Release|Any CPU
		{D3CCB710-91F1-4117-A9F9-DC60671505CA}.Release|x86.Build.0 = Release|Any CPU
		{2F117E9F-34A8-4E43-BC36-8AA4837619FB}.Debug|Any CPU.ActiveCfg = Debug|Any CPU
		{2F117E9F-34A8-4E43-BC36-8AA4837619FB}.Debug|Any CPU.Build.0 = Debug|Any CPU
		{2F117E9F-34A8-4E43-BC36-8AA4837619FB}.Debug|x64.ActiveCfg = Debug|Any CPU
		{2F117E9F-34A8-4E43-BC36-8AA4837619FB}.Debug|x64.Build.0 = Debug|Any CPU
		{2F117E9F-34A8-4E43-BC36-8AA4837619FB}.Debug|x86.ActiveCfg = Debug|Any CPU
		{2F117E9F-34A8-4E43-BC36-8AA4837619FB}.Debug|x86.Build.0 = Debug|Any CPU
		{2F117E9F-34A8-4E43-BC36-8AA4837619FB}.Release|Any CPU.ActiveCfg = Release|Any CPU
		{2F117E9F-34A8-4E43-BC36-8AA4837619FB}.Release|Any CPU.Build.0 = Release|Any CPU
		{2F117E9F-34A8-4E43-BC36-8AA4837619FB}.Release|x64.ActiveCfg = Release|Any CPU
		{2F117E9F-34A8-4E43-BC36-8AA4837619FB}.Release|x64.Build.0 = Release|Any CPU
		{2F117E9F-34A8-4E43-BC36-8AA4837619FB}.Release|x86.ActiveCfg = Release|Any CPU
		{2F117E9F-34A8-4E43-BC36-8AA4837619FB}.Release|x86.Build.0 = Release|Any CPU
		{34A4F95A-0E2D-4AF9-B3BA-343048A20C3D}.Debug|Any CPU.ActiveCfg = Debug|Any CPU
		{34A4F95A-0E2D-4AF9-B3BA-343048A20C3D}.Debug|Any CPU.Build.0 = Debug|Any CPU
		{34A4F95A-0E2D-4AF9-B3BA-343048A20C3D}.Debug|x64.ActiveCfg = Debug|Any CPU
		{34A4F95A-0E2D-4AF9-B3BA-343048A20C3D}.Debug|x64.Build.0 = Debug|Any CPU
		{34A4F95A-0E2D-4AF9-B3BA-343048A20C3D}.Debug|x86.ActiveCfg = Debug|Any CPU
		{34A4F95A-0E2D-4AF9-B3BA-343048A20C3D}.Debug|x86.Build.0 = Debug|Any CPU
		{34A4F95A-0E2D-4AF9-B3BA-343048A20C3D}.Release|Any CPU.ActiveCfg = Release|Any CPU
		{34A4F95A-0E2D-4AF9-B3BA-343048A20C3D}.Release|Any CPU.Build.0 = Release|Any CPU
		{34A4F95A-0E2D-4AF9-B3BA-343048A20C3D}.Release|x64.ActiveCfg = Release|Any CPU
		{34A4F95A-0E2D-4AF9-B3BA-343048A20C3D}.Release|x64.Build.0 = Release|Any CPU
		{34A4F95A-0E2D-4AF9-B3BA-343048A20C3D}.Release|x86.ActiveCfg = Release|Any CPU
		{34A4F95A-0E2D-4AF9-B3BA-343048A20C3D}.Release|x86.Build.0 = Release|Any CPU
		{FCAE051D-CC57-4805-936A-0A414E88B12C}.Debug|Any CPU.ActiveCfg = Debug|Any CPU
		{FCAE051D-CC57-4805-936A-0A414E88B12C}.Debug|Any CPU.Build.0 = Debug|Any CPU
		{FCAE051D-CC57-4805-936A-0A414E88B12C}.Debug|x64.ActiveCfg = Debug|Any CPU
		{FCAE051D-CC57-4805-936A-0A414E88B12C}.Debug|x64.Build.0 = Debug|Any CPU
		{FCAE051D-CC57-4805-936A-0A414E88B12C}.Debug|x86.ActiveCfg = Debug|Any CPU
		{FCAE051D-CC57-4805-936A-0A414E88B12C}.Debug|x86.Build.0 = Debug|Any CPU
		{FCAE051D-CC57-4805-936A-0A414E88B12C}.Release|Any CPU.ActiveCfg = Release|Any CPU
		{FCAE051D-CC57-4805-936A-0A414E88B12C}.Release|Any CPU.Build.0 = Release|Any CPU
		{FCAE051D-CC57-4805-936A-0A414E88B12C}.Release|x64.ActiveCfg = Release|Any CPU
		{FCAE051D-CC57-4805-936A-0A414E88B12C}.Release|x64.Build.0 = Release|Any CPU
		{FCAE051D-CC57-4805-936A-0A414E88B12C}.Release|x86.ActiveCfg = Release|Any CPU
		{FCAE051D-CC57-4805-936A-0A414E88B12C}.Release|x86.Build.0 = Release|Any CPU
		{D841358F-4CCD-4ED1-9EC3-1C20F5E13FE6}.Debug|Any CPU.ActiveCfg = Debug|Any CPU
		{D841358F-4CCD-4ED1-9EC3-1C20F5E13FE6}.Debug|Any CPU.Build.0 = Debug|Any CPU
		{D841358F-4CCD-4ED1-9EC3-1C20F5E13FE6}.Debug|x64.ActiveCfg = Debug|Any CPU
		{D841358F-4CCD-4ED1-9EC3-1C20F5E13FE6}.Debug|x64.Build.0 = Debug|Any CPU
		{D841358F-4CCD-4ED1-9EC3-1C20F5E13FE6}.Debug|x86.ActiveCfg = Debug|Any CPU
		{D841358F-4CCD-4ED1-9EC3-1C20F5E13FE6}.Debug|x86.Build.0 = Debug|Any CPU
		{D841358F-4CCD-4ED1-9EC3-1C20F5E13FE6}.Release|Any CPU.ActiveCfg = Release|Any CPU
		{D841358F-4CCD-4ED1-9EC3-1C20F5E13FE6}.Release|Any CPU.Build.0 = Release|Any CPU
		{D841358F-4CCD-4ED1-9EC3-1C20F5E13FE6}.Release|x64.ActiveCfg = Release|Any CPU
		{D841358F-4CCD-4ED1-9EC3-1C20F5E13FE6}.Release|x64.Build.0 = Release|Any CPU
		{D841358F-4CCD-4ED1-9EC3-1C20F5E13FE6}.Release|x86.ActiveCfg = Release|Any CPU
		{D841358F-4CCD-4ED1-9EC3-1C20F5E13FE6}.Release|x86.Build.0 = Release|Any CPU
		{AD9C3CD2-1541-4E32-BE37-CAA8FB8F3F56}.Debug|Any CPU.ActiveCfg = Debug|Any CPU
		{AD9C3CD2-1541-4E32-BE37-CAA8FB8F3F56}.Debug|Any CPU.Build.0 = Debug|Any CPU
		{AD9C3CD2-1541-4E32-BE37-CAA8FB8F3F56}.Debug|x64.ActiveCfg = Debug|Any CPU
		{AD9C3CD2-1541-4E32-BE37-CAA8FB8F3F56}.Debug|x64.Build.0 = Debug|Any CPU
		{AD9C3CD2-1541-4E32-BE37-CAA8FB8F3F56}.Debug|x86.ActiveCfg = Debug|Any CPU
		{AD9C3CD2-1541-4E32-BE37-CAA8FB8F3F56}.Debug|x86.Build.0 = Debug|Any CPU
		{AD9C3CD2-1541-4E32-BE37-CAA8FB8F3F56}.Release|Any CPU.ActiveCfg = Release|Any CPU
		{AD9C3CD2-1541-4E32-BE37-CAA8FB8F3F56}.Release|Any CPU.Build.0 = Release|Any CPU
		{AD9C3CD2-1541-4E32-BE37-CAA8FB8F3F56}.Release|x64.ActiveCfg = Release|Any CPU
		{AD9C3CD2-1541-4E32-BE37-CAA8FB8F3F56}.Release|x64.Build.0 = Release|Any CPU
		{AD9C3CD2-1541-4E32-BE37-CAA8FB8F3F56}.Release|x86.ActiveCfg = Release|Any CPU
		{AD9C3CD2-1541-4E32-BE37-CAA8FB8F3F56}.Release|x86.Build.0 = Release|Any CPU
		{6550BEA5-5583-4559-8019-86EE6C275BD8}.Debug|Any CPU.ActiveCfg = Debug|Any CPU
		{6550BEA5-5583-4559-8019-86EE6C275BD8}.Debug|Any CPU.Build.0 = Debug|Any CPU
		{6550BEA5-5583-4559-8019-86EE6C275BD8}.Debug|x64.ActiveCfg = Debug|Any CPU
		{6550BEA5-5583-4559-8019-86EE6C275BD8}.Debug|x64.Build.0 = Debug|Any CPU
		{6550BEA5-5583-4559-8019-86EE6C275BD8}.Debug|x86.ActiveCfg = Debug|Any CPU
		{6550BEA5-5583-4559-8019-86EE6C275BD8}.Debug|x86.Build.0 = Debug|Any CPU
		{6550BEA5-5583-4559-8019-86EE6C275BD8}.Release|Any CPU.ActiveCfg = Release|Any CPU
		{6550BEA5-5583-4559-8019-86EE6C275BD8}.Release|Any CPU.Build.0 = Release|Any CPU
		{6550BEA5-5583-4559-8019-86EE6C275BD8}.Release|x64.ActiveCfg = Release|Any CPU
		{6550BEA5-5583-4559-8019-86EE6C275BD8}.Release|x64.Build.0 = Release|Any CPU
		{6550BEA5-5583-4559-8019-86EE6C275BD8}.Release|x86.ActiveCfg = Release|Any CPU
		{6550BEA5-5583-4559-8019-86EE6C275BD8}.Release|x86.Build.0 = Release|Any CPU
	EndGlobalSection
	GlobalSection(SolutionProperties) = preSolution
		HideSolutionNode = FALSE
	EndGlobalSection
	GlobalSection(NestedProjects) = preSolution
		{725A9EFC-824F-4665-B6AE-CB07BDC579E0} = {9763DC5A-4981-400A-91E3-46343A62B59E}
		{8C3AA3C4-792A-4976-B9FA-3DA7DD48B0DE} = {97D84CAD-1D76-40CC-BFF7-AE5E1AFF489C}
		{6AA944B8-D364-4D43-8BD0-D49B5FEAD1DD} = {9763DC5A-4981-400A-91E3-46343A62B59E}
		{D3CCB710-91F1-4117-A9F9-DC60671505CA} = {9763DC5A-4981-400A-91E3-46343A62B59E}
		{2F117E9F-34A8-4E43-BC36-8AA4837619FB} = {9763DC5A-4981-400A-91E3-46343A62B59E}
		{34A4F95A-0E2D-4AF9-B3BA-343048A20C3D} = {97D84CAD-1D76-40CC-BFF7-AE5E1AFF489C}
		{FCAE051D-CC57-4805-936A-0A414E88B12C} = {97D84CAD-1D76-40CC-BFF7-AE5E1AFF489C}
		{DE2B3290-5E9F-4765-9045-F8469A8B7B4C} = {F40868CB-8C72-474B-814E-E214B556D856}
		{D841358F-4CCD-4ED1-9EC3-1C20F5E13FE6} = {9763DC5A-4981-400A-91E3-46343A62B59E}
		{AD9C3CD2-1541-4E32-BE37-CAA8FB8F3F56} = {46899413-A1AD-7709-F42F-DC74916C2577}
		{6550BEA5-5583-4559-8019-86EE6C275BD8} = {0A92092F-6B71-E0FF-2D97-BF8DA9523FB3}
	EndGlobalSection
	GlobalSection(ExtensibilityGlobals) = postSolution
		SolutionGuid = {D95716D1-FA90-4423-8637-DDE31543A334}
	EndGlobalSection
EndGlobal
